{
  "name": "device-protocol-converter-jh",
  "version": "0.1.1",
  "lockfileVersion": 1,
  "requires": true,
  "dependencies": {
    "base-util-jh": {
      "version": "1.0.18",
      "resolved": "https://registry.npmjs.org/base-util-jh/-/base-util-jh-1.0.18.tgz",
      "integrity": "sha512-Er3eqSqkQjOMtmHipDSF+lCE3yQuTrPF7ztRLLamETVdu4sBW+rfOgHndFf2G64CvEao5vdEQkZ/SntPWiaXsA==",
      "requires": {
        "mkdirp": "0.5.1"
      }
    },
    "buffer-builder": {
      "version": "0.2.0",
      "resolved": "https://registry.npmjs.org/buffer-builder/-/buffer-builder-0.2.0.tgz",
      "integrity": "sha1-MyLNMH2Cltqx9gRhhZOyYaP63o8="
    },
    "buffer-reader": {
      "version": "https://github.com/prodatakey/node-buffer-reader/archive/v0.0.3.tar.gz",
      "integrity": "sha1-i/YgmcMYHTwr0aJQoZEP0fUr3qE="
    },
    "lodash": {
      "version": "4.17.5",
      "resolved": "https://registry.npmjs.org/lodash/-/lodash-4.17.5.tgz",
      "integrity": "sha512-svL3uiZf1RwhH+cWrfZn3A4+U58wbP0tGVTLQPbjplZxZ8ROD9VLuNgsRniTlLe7OlSqR79RUehXgpBW/s0IQw=="
    },
    "minimist": {
      "version": "0.0.8",
      "resolved": "https://registry.npmjs.org/minimist/-/minimist-0.0.8.tgz",
      "integrity": "sha1-hX/Kv8M5fSYluCKCYuhqp6ARsF0="
    },
    "mkdirp": {
      "version": "0.5.1",
      "resolved": "https://registry.npmjs.org/mkdirp/-/mkdirp-0.5.1.tgz",
      "integrity": "sha1-MAV0OOrGz3+MR2fzhkjWaX11yQM=",
      "requires": {
        "minimist": "0.0.8"
      }
    },
    "safe-buffer": {
      "version": "5.0.1",
      "resolved": "https://registry.npmjs.org/safe-buffer/-/safe-buffer-5.0.1.tgz",
      "integrity": "sha1-0mPKVGls2KMGtcplUekt5XkY++c="
    },
    "underscore": {
      "version": "1.8.3",
      "resolved": "https://registry.npmjs.org/underscore/-/underscore-1.8.3.tgz",
      "integrity": "sha1-Tz+1OxBuYJf8+ctBCfKl6b36UCI="
    },
    "xbee-api": {
      "version": "0.6.0",
      "resolved": "https://registry.npmjs.org/xbee-api/-/xbee-api-0.6.0.tgz",
      "integrity": "sha512-El+s/ZO4vteWqdqRfOB6rfOS6Vo9SxsPphuS6USEG4bqlxxJv4rdJkOs1D7g6yrkvt47VPNt7Ng/SDDsfDK8Hg==",
      "requires": {
        "buffer-builder": "0.2.0",
        "buffer-reader": "https://github.com/prodatakey/node-buffer-reader/archive/v0.0.3.tar.gz",
        "safe-buffer": "5.0.1"
      }
    }
  }
}
